
Microsoft Visual Studio Solution File, Format Version 12.00
# Visual Studio 2012
Project("{FAE04EC0-301F-11D3-BF4B-00C04F79EFBC}") = "FTAnalyzer", "FTAnalyzer.iOS\FTAnalyzer.csproj", "{C0954D77-E302-4833-8186-1BA0567FEF15}"
EndProject
Project("{D954291E-2A0B-460D-934E-DC6B0785DB48}") = "FTAnalyzer.Shared", "..\FTAnalyzer.Shared\FTAnalyzer.Shared\FTAnalyzer.Shared.shproj", "{89621EBE-2416-4E13-BF69-F1C145908518}"
EndProject
Global
	GlobalSection(SolutionConfigurationPlatforms) = preSolution
		Debug|iPhoneSimulator = Debug|iPhoneSimulator
		Release|iPhone = Release|iPhone
		Release|iPhoneSimulator = Release|iPhoneSimulator
		Debug|iPhone = Debug|iPhone
	EndGlobalSection
	GlobalSection(ProjectConfigurationPlatforms) = postSolution
		{C0954D77-E302-4833-8186-1BA0567FEF15}.Debug|iPhoneSimulator.ActiveCfg = Debug|iPhoneSimulator
		{C0954D77-E302-4833-8186-1BA0567FEF15}.Debug|iPhoneSimulator.Build.0 = Debug|iPhoneSimulator
		{C0954D77-E302-4833-8186-1BA0567FEF15}.Release|iPhone.ActiveCfg = Release|iPhone
		{C0954D77-E302-4833-8186-1BA0567FEF15}.Release|iPhone.Build.0 = Release|iPhone
		{C0954D77-E302-4833-8186-1BA0567FEF15}.Release|iPhoneSimulator.ActiveCfg = Release|iPhoneSimulator
		{C0954D77-E302-4833-8186-1BA0567FEF15}.Release|iPhoneSimulator.Build.0 = Release|iPhoneSimulator
		{C0954D77-E302-4833-8186-1BA0567FEF15}.Debug|iPhone.ActiveCfg = Debug|iPhone
		{C0954D77-E302-4833-8186-1BA0567FEF15}.Debug|iPhone.Build.0 = Debug|iPhone
	EndGlobalSection
EndGlobal
